
Microsoft Visual Studio Solution File, Format Version 12.00
# Visual Studio Version 16
VisualStudioVersion = 16.0.30621.155
MinimumVisualStudioVersion = 10.0.40219.1
Project("{FAE04EC0-301F-11D3-BF4B-00C04F79EFBC}") = "AutomaticShutdownTimerUI", "AutomaticShutdownTimerUI\AutomaticShutdownTimerUI.csproj", "{CF22F269-376F-4D0A-B30E-97C3E2111DFE}"
EndProject
Project("{FAE04EC0-301F-11D3-BF4B-00C04F79EFBC}") = "AutomaticShutdownTimerLibrary", "AutomaticShutdownTimerLibrary\AutomaticShutdownTimerLibrary.csproj", "{3E4187D0-3C65-4D49-9E20-1CD6EBD53B92}"
EndProject
Global
	GlobalSection(SolutionConfigurationPlatforms) = preSolution
		Debug|Any CPU = Debug|Any CPU
		Release|Any CPU = Release|Any CPU
	EndGlobalSection
	GlobalSection(ProjectConfigurationPlatforms) = postSolution
		{CF22F269-376F-4D0A-B30E-97C3E2111DFE}.Debug|Any CPU.ActiveCfg = Debug|Any CPU
		{CF22F269-376F-4D0A-B30E-97C3E2111DFE}.Debug|Any CPU.Build.0 = Debug|Any CPU
		{CF22F269-376F-4D0A-B30E-97C3E2111DFE}.Release|Any CPU.ActiveCfg = Release|Any CPU
		{CF22F269-376F-4D0A-B30E-97C3E2111DFE}.Release|Any CPU.Build.0 = Release|Any CPU
		{3E4187D0-3C65-4D49-9E20-1CD6EBD53B92}.Debug|Any CPU.ActiveCfg = Debug|Any CPU
		{3E4187D0-3C65-4D49-9E20-1CD6EBD53B92}.Debug|Any CPU.Build.0 = Debug|Any CPU
		{3E4187D0-3C65-4D49-9E20-1CD6EBD53B92}.Release|Any CPU.ActiveCfg = Release|Any CPU
		{3E4187D0-3C65-4D49-9E20-1CD6EBD53B92}.Release|Any CPU.Build.0 = Release|Any CPU
	EndGlobalSection
	GlobalSection(SolutionProperties) = preSolution
		HideSolutionNode = FALSE
	EndGlobalSection
	GlobalSection(ExtensibilityGlobals) = postSolution
		SolutionGuid = {DD574B84-906F-407D-9483-6E83A1276A51}
	EndGlobalSection
EndGlobal
